
Microsoft Visual Studio Solution File, Format Version 12.00
# Visual Studio Version 17
VisualStudioVersion = 17.11.35222.181
MinimumVisualStudioVersion = 10.0.40219.1
Project("{8BC9CEB8-8B4A-11D0-8D11-00A0C91BC942}") = "SDLSimple", "SDLSimple\SDLSimple.vcxproj", "{EFCD23FD-4536-4535-BBA5-4EE65B45DE86}"
EndProject
Global
	GlobalSection(SolutionConfigurationPlatforms) = preSolution
		Debug|x64 = Debug|x64
		Debug|x86 = Debug|x86
		Release|x64 = Release|x64
		Release|x86 = Release|x86
	EndGlobalSection
	GlobalSection(ProjectConfigurationPlatforms) = postSolution
		{EFCD23FD-4536-4535-BBA5-4EE65B45DE86}.Debug|x64.ActiveCfg = Debug|x64
		{EFCD23FD-4536-4535-BBA5-4EE65B45DE86}.Debug|x64.Build.0 = Debug|x64
		{EFCD23FD-4536-4535-BBA5-4EE65B45DE86}.Debug|x86.ActiveCfg = Debug|Win32
		{EFCD23FD-4536-4535-BBA5-4EE65B45DE86}.Debug|x86.Build.0 = Debug|Win32
		{EFCD23FD-4536-4535-BBA5-4EE65B45DE86}.Release|x64.ActiveCfg = Release|x64
		{EFCD23FD-4536-4535-BBA5-4EE65B45DE86}.Release|x64.Build.0 = Release|x64
		{EFCD23FD-4536-4535-BBA5-4EE65B45DE86}.Release|x86.ActiveCfg = Release|Win32
		{EFCD23FD-4536-4535-BBA5-4EE65B45DE86}.Release|x86.Build.0 = Release|Win32
	EndGlobalSection
	GlobalSection(SolutionProperties) = preSolution
		HideSolutionNode = FALSE
	EndGlobalSection
	GlobalSection(ExtensibilityGlobals) = postSolution
		SolutionGuid = {9EAB86A3-5E84-4B35-9C03-90160EA91EA7}
	EndGlobalSection
EndGlobal
